// !$*UTF8*$!
{
	archiveVersion = 1;
	classes = {
	};
	objectVersion = 55;
	objects = {

/* Begin PBXBuildFile section */
		16D1019A2821E80200BDEF62 /* ContentView.swift in Sources */ = {isa = PBXBuildFile; fileRef = 16D101992821E80200BDEF62 /* ContentView.swift */; };
		16D1019C2821E80400BDEF62 /* Assets.xcassets in Resources */ = {isa = PBXBuildFile; fileRef = 16D1019B2821E80400BDEF62 /* Assets.xcassets */; };
		16D1019F2821E80400BDEF62 /* Preview Assets.xcassets in Resources */ = {isa = PBXBuildFile; fileRef = 16D1019E2821E80400BDEF62 /* Preview Assets.xcassets */; };
		16D101AC2821E83600BDEF62 /* WidgetKit.framework in Frameworks */ = {isa = PBXBuildFile; fileRef = 16D101AB2821E83600BDEF62 /* WidgetKit.framework */; };
		16D101AE2821E83600BDEF62 /* SwiftUI.framework in Frameworks */ = {isa = PBXBuildFile; fileRef = 16D101AD2821E83600BDEF62 /* SwiftUI.framework */; };
		16D101B12821E83600BDEF62 /* AeromexicoWidget.swift in Sources */ = {isa = PBXBuildFile; fileRef = 16D101B02821E83600BDEF62 /* AeromexicoWidget.swift */; };
		16D101B32821E83700BDEF62 /* Assets.xcassets in Resources */ = {isa = PBXBuildFile; fileRef = 16D101B22821E83700BDEF62 /* Assets.xcassets */; };
		16D101B72821E83700BDEF62 /* AeromexicoWidgetExtension.appex in Embed App Extensions */ = {isa = PBXBuildFile; fileRef = 16D101A92821E83600BDEF62 /* AeromexicoWidgetExtension.appex */; settings = {ATTRIBUTES = (RemoveHeadersOnCopy, ); }; };
		16D101BE2821FE6800BDEF62 /* Widget_DemoApp.swift in Sources */ = {isa = PBXBuildFile; fileRef = 16D101972821E80200BDEF62 /* Widget_DemoApp.swift */; };
/* End PBXBuildFile section */

/* Begin PBXContainerItemProxy section */
		16D101B52821E83700BDEF62 /* PBXContainerItemProxy */ = {
			isa = PBXContainerItemProxy;
			containerPortal = 16D1018C2821E80200BDEF62 /* Project object */;
			proxyType = 1;
			remoteGlobalIDString = 16D101A82821E83600BDEF62;
			remoteInfo = AeromexicoWidgetExtension;
		};
		16D101BF2822008600BDEF62 /* PBXContainerItemProxy */ = {
			isa = PBXContainerItemProxy;
			containerPortal = 16D1018C2821E80200BDEF62 /* Project object */;
			proxyType = 1;
			remoteGlobalIDString = 16D101A82821E83600BDEF62;
			remoteInfo = AeromexicoWidgetExtension;
		};
/* End PBXContainerItemProxy section */

/* Begin PBXCopyFilesBuildPhase section */
		16D101BB2821E83700BDEF62 /* Embed App Extensions */ = {
			isa = PBXCopyFilesBuildPhase;
			buildActionMask = 12;
			dstPath = "";
			dstSubfolderSpec = 13;
			files = (
				16D101B72821E83700BDEF62 /* AeromexicoWidgetExtension.appex in Embed App Extensions */,
			);
			name = "Embed App Extensions";
			runOnlyForDeploymentPostprocessing = 0;
		};
/* End PBXCopyFilesBuildPhase section */

/* Begin PBXFileReference section */
		16D101942821E80200BDEF62 /* Aeromexico Widget Demo.app */ = {isa = PBXFileReference; explicitFileType = wrapper.application; includeInIndex = 0; path = "Aeromexico Widget Demo.app"; sourceTree = BUILT_PRODUCTS_DIR; };
		16D101972821E80200BDEF62 /* Widget_DemoApp.swift */ = {isa = PBXFileReference; lastKnownFileType = sourcecode.swift; path = Widget_DemoApp.swift; sourceTree = "<group>"; };
		16D101992821E80200BDEF62 /* ContentView.swift */ = {isa = PBXFileReference; lastKnownFileType = sourcecode.swift; path = ContentView.swift; sourceTree = "<group>"; };
		16D1019B2821E80400BDEF62 /* Assets.xcassets */ = {isa = PBXFileReference; lastKnownFileType = folder.assetcatalog; path = Assets.xcassets; sourceTree = "<group>"; };
		16D1019E2821E80400BDEF62 /* Preview Assets.xcassets */ = {isa = PBXFileReference; lastKnownFileType = folder.assetcatalog; path = "Preview Assets.xcassets"; sourceTree = "<group>"; };
		16D101A92821E83600BDEF62 /* AeromexicoWidgetExtension.appex */ = {isa = PBXFileReference; explicitFileType = "wrapper.app-extension"; includeInIndex = 0; path = AeromexicoWidgetExtension.appex; sourceTree = BUILT_PRODUCTS_DIR; };
		16D101AB2821E83600BDEF62 /* WidgetKit.framework */ = {isa = PBXFileReference; lastKnownFileType = wrapper.framework; name = WidgetKit.framework; path = System/Library/Frameworks/WidgetKit.framework; sourceTree = SDKROOT; };
		16D101AD2821E83600BDEF62 /* SwiftUI.framework */ = {isa = PBXFileReference; lastKnownFileType = wrapper.framework; name = SwiftUI.framework; path = System/Library/Frameworks/SwiftUI.framework; sourceTree = SDKROOT; };
		16D101B02821E83600BDEF62 /* AeromexicoWidget.swift */ = {isa = PBXFileReference; lastKnownFileType = sourcecode.swift; path = AeromexicoWidget.swift; sourceTree = "<group>"; };
		16D101B22821E83700BDEF62 /* Assets.xcassets */ = {isa = PBXFileReference; lastKnownFileType = folder.assetcatalog; path = Assets.xcassets; sourceTree = "<group>"; };
		16D101B42821E83700BDEF62 /* Info.plist */ = {isa = PBXFileReference; lastKnownFileType = text.plist.xml; path = Info.plist; sourceTree = "<group>"; };
/* End PBXFileReference section */

/* Begin PBXFrameworksBuildPhase section */
		16D101912821E80200BDEF62 /* Frameworks */ = {
			isa = PBXFrameworksBuildPhase;
			buildActionMask = 2147483647;
			files = (
			);
			runOnlyForDeploymentPostprocessing = 0;
		};
		16D101A62821E83600BDEF62 /* Frameworks */ = {
			isa = PBXFrameworksBuildPhase;
			buildActionMask = 2147483647;
			files = (
				16D101AE2821E83600BDEF62 /* SwiftUI.framework in Frameworks */,
				16D101AC2821E83600BDEF62 /* WidgetKit.framework in Frameworks */,
			);
			runOnlyForDeploymentPostprocessing = 0;
		};
/* End PBXFrameworksBuildPhase section */

/* Begin PBXGroup section */
		16D1018B2821E80200BDEF62 = {
			isa = PBXGroup;
			children = (
				16D101962821E80200BDEF62 /* Widget Demo */,
				16D101AF2821E83600BDEF62 /* AeromexicoWidget */,
				16D101AA2821E83600BDEF62 /* Frameworks */,
				16D101952821E80200BDEF62 /* Products */,
			);
			sourceTree = "<group>";
		};
		16D101952821E80200BDEF62 /* Products */ = {
			isa = PBXGroup;
			children = (
				16D101942821E80200BDEF62 /* Aeromexico Widget Demo.app */,
				16D101A92821E83600BDEF62 /* AeromexicoWidgetExtension.appex */,
			);
			name = Products;
			sourceTree = "<group>";
		};
		16D101962821E80200BDEF62 /* Widget Demo */ = {
			isa = PBXGroup;
			children = (
				16D101972821E80200BDEF62 /* Widget_DemoApp.swift */,
				16D101992821E80200BDEF62 /* ContentView.swift */,
				16D1019B2821E80400BDEF62 /* Assets.xcassets */,
				16D1019D2821E80400BDEF62 /* Preview Content */,
			);
			path = "Widget Demo";
			sourceTree = "<group>";
		};
		16D1019D2821E80400BDEF62 /* Preview Content */ = {
			isa = PBXGroup;
			children = (
				16D1019E2821E80400BDEF62 /* Preview Assets.xcassets */,
			);
			path = "Preview Content";
			sourceTree = "<group>";
		};
		16D101AA2821E83600BDEF62 /* Frameworks */ = {
			isa = PBXGroup;
			children = (
				16D101AB2821E83600BDEF62 /* WidgetKit.framework */,
				16D101AD2821E83600BDEF62 /* SwiftUI.framework */,
			);
			name = Frameworks;
			sourceTree = "<group>";
		};
		16D101AF2821E83600BDEF62 /* AeromexicoWidget */ = {
			isa = PBXGroup;
			children = (
				16D101B02821E83600BDEF62 /* AeromexicoWidget.swift */,
				16D101B22821E83700BDEF62 /* Assets.xcassets */,
				16D101B42821E83700BDEF62 /* Info.plist */,
			);
			path = AeromexicoWidget;
			sourceTree = "<group>";
		};
/* End PBXGroup section */

/* Begin PBXNativeTarget section */
		16D101932821E80200BDEF62 /* Aeromexico Widget Demo */ = {
			isa = PBXNativeTarget;
			buildConfigurationList = 16D101A22821E80400BDEF62 /* Build configuration list for PBXNativeTarget "Aeromexico Widget Demo" */;
			buildPhases = (
				16D101902821E80200BDEF62 /* Sources */,
				16D101912821E80200BDEF62 /* Frameworks */,
				16D101922821E80200BDEF62 /* Resources */,
				16D101BB2821E83700BDEF62 /* Embed App Extensions */,
			);
			buildRules = (
			);
			dependencies = (
				16D101B62821E83700BDEF62 /* PBXTargetDependency */,
				16D101C02822008600BDEF62 /* PBXTargetDependency */,
			);
			name = "Aeromexico Widget Demo";
			productName = "Widget Demo";
			productReference = 16D101942821E80200BDEF62 /* Aeromexico Widget Demo.app */;
			productType = "com.apple.product-type.application";
		};
		16D101A82821E83600BDEF62 /* AeromexicoWidgetExtension */ = {
			isa = PBXNativeTarget;
			buildConfigurationList = 16D101B82821E83700BDEF62 /* Build configuration list for PBXNativeTarget "AeromexicoWidgetExtension" */;
			buildPhases = (
				16D101A52821E83600BDEF62 /* Sources */,
				16D101A62821E83600BDEF62 /* Frameworks */,
				16D101A72821E83600BDEF62 /* Resources */,
			);
			buildRules = (
			);
			dependencies = (
			);
			name = AeromexicoWidgetExtension;
			productName = AeromexicoWidgetExtension;
			productReference = 16D101A92821E83600BDEF62 /* AeromexicoWidgetExtension.appex */;
			productType = "com.apple.product-type.app-extension";
		};
/* End PBXNativeTarget section */

/* Begin PBXProject section */
		16D1018C2821E80200BDEF62 /* Project object */ = {
			isa = PBXProject;
			attributes = {
				BuildIndependentTargetsInParallel = 1;
				LastSwiftUpdateCheck = 1330;
				LastUpgradeCheck = 1330;
				TargetAttributes = {
					16D101932821E80200BDEF62 = {
						CreatedOnToolsVersion = 13.3.1;
					};
					16D101A82821E83600BDEF62 = {
						CreatedOnToolsVersion = 13.3.1;
					};
				};
			};
			buildConfigurationList = 16D1018F2821E80200BDEF62 /* Build configuration list for PBXProject "Aeromexico Widget Demo" */;
			compatibilityVersion = "Xcode 13.0";
			developmentRegion = en;
			hasScannedForEncodings = 0;
			knownRegions = (
				en,
				Base,
			);
			mainGroup = 16D1018B2821E80200BDEF62;
			productRefGroup = 16D101952821E80200BDEF62 /* Products */;
			projectDirPath = "";
			projectRoot = "";
			targets = (
				16D101932821E80200BDEF62 /* Aeromexico Widget Demo */,
				16D101A82821E83600BDEF62 /* AeromexicoWidgetExtension */,
			);
		};
/* End PBXProject section */

/* Begin PBXResourcesBuildPhase section */
		16D101922821E80200BDEF62 /* Resources */ = {
			isa = PBXResourcesBuildPhase;
			buildActionMask = 2147483647;
			files = (
				16D1019F2821E80400BDEF62 /* Preview Assets.xcassets in Resources */,
				16D1019C2821E80400BDEF62 /* Assets.xcassets in Resources */,
			);
			runOnlyForDeploymentPostprocessing = 0;
		};
		16D101A72821E83600BDEF62 /* Resources */ = {
			isa = PBXResourcesBuildPhase;
			buildActionMask = 2147483647;
			files = (
				16D101B32821E83700BDEF62 /* Assets.xcassets in Resources */,
			);
			runOnlyForDeploymentPostprocessing = 0;
		};
/* End PBXResourcesBuildPhase section */

/* Begin PBXSourcesBuildPhase section */
		16D101902821E80200BDEF62 /* Sources */ = {
			isa = PBXSourcesBuildPhase;
			buildActionMask = 2147483647;
			files = (
				16D1019A2821E80200BDEF62 /* ContentView.swift in Sources */,
				16D101BE2821FE6800BDEF62 /* Widget_DemoApp.swift in Sources */,
			);
			runOnlyForDeploymentPostprocessing = 0;
		};
		16D101A52821E83600BDEF62 /* Sources */ = {
			isa = PBXSourcesBuildPhase;
			buildActionMask = 2147483647;
			files = (
				16D101B12821E83600BDEF62 /* AeromexicoWidget.swift in Sources */,
			);
			runOnlyForDeploymentPostprocessing = 0;
		};
/* End PBXSourcesBuildPhase section */

/* Begin PBXTargetDependency section */
		16D101B62821E83700BDEF62 /* PBXTargetDependency */ = {
			isa = PBXTargetDependency;
			target = 16D101A82821E83600BDEF62 /* AeromexicoWidgetExtension */;
			targetProxy = 16D101B52821E83700BDEF62 /* PBXContainerItemProxy */;
		};
		16D101C02822008600BDEF62 /* PBXTargetDependency */ = {
			isa = PBXTargetDependency;
			target = 16D101A82821E83600BDEF62 /* AeromexicoWidgetExtension */;
			targetProxy = 16D101BF2822008600BDEF62 /* PBXContainerItemProxy */;
		};
/* End PBXTargetDependency section */

/* Begin XCBuildConfiguration section */
		16D101A02821E80400BDEF62 /* Debug */ = {
			isa = XCBuildConfiguration;
			buildSettings = {
				ALWAYS_SEARCH_USER_PATHS = NO;
				CLANG_ANALYZER_NONNULL = YES;
				CLANG_ANALYZER_NUMBER_OBJECT_CONVERSION = YES_AGGRESSIVE;
				CLANG_CXX_LANGUAGE_STANDARD = "gnu++17";
				CLANG_ENABLE_MODULES = YES;
				CLANG_ENABLE_OBJC_ARC = YES;
				CLANG_ENABLE_OBJC_WEAK = YES;
				CLANG_WARN_BLOCK_CAPTURE_AUTORELEASING = YES;
				CLANG_WARN_BOOL_CONVERSION = YES;
				CLANG_WARN_COMMA = YES;
				CLANG_WARN_CONSTANT_CONVERSION = YES;
				CLANG_WARN_DEPRECATED_OBJC_IMPLEMENTATIONS = YES;
				CLANG_WARN_DIRECT_OBJC_ISA_USAGE = YES_ERROR;
				CLANG_WARN_DOCUMENTATION_COMMENTS = YES;
				CLANG_WARN_EMPTY_BODY = YES;
				CLANG_WARN_ENUM_CONVERSION = YES;
				CLANG_WARN_INFINITE_RECURSION = YES;
				CLANG_WARN_INT_CONVERSION = YES;
				CLANG_WARN_NON_LITERAL_NULL_CONVERSION = YES;
				CLANG_WARN_OBJC_IMPLICIT_RETAIN_SELF = YES;
				CLANG_WARN_OBJC_LITERAL_CONVERSION = YES;
				CLANG_WARN_OBJC_ROOT_CLASS = YES_ERROR;
				CLANG_WARN_QUOTED_INCLUDE_IN_FRAMEWORK_HEADER = YES;
				CLANG_WARN_RANGE_LOOP_ANALYSIS = YES;
				CLANG_WARN_STRICT_PROTOTYPES = YES;
				CLANG_WARN_SUSPICIOUS_MOVE = YES;
				CLANG_WARN_UNGUARDED_AVAILABILITY = YES_AGGRESSIVE;
				CLANG_WARN_UNREACHABLE_CODE = YES;
				CLANG_WARN__DUPLICATE_METHOD_MATCH = YES;
				COPY_PHASE_STRIP = NO;
				DEBUG_INFORMATION_FORMAT = dwarf;
				ENABLE_STRICT_OBJC_MSGSEND = YES;
				ENABLE_TESTABILITY = YES;
				GCC_C_LANGUAGE_STANDARD = gnu11;
				GCC_DYNAMIC_NO_PIC = NO;
				GCC_NO_COMMON_BLOCKS = YES;
				GCC_OPTIMIZATION_LEVEL = 0;
				GCC_PREPROCESSOR_DEFINITIONS = (
					"DEBUG=1",
					"$(inherited)",
				);
				GCC_WARN_64_TO_32_BIT_CONVERSION = YES;
				GCC_WARN_ABOUT_RETURN_TYPE = YES_ERROR;
				GCC_WARN_UNDECLARED_SELECTOR = YES;
				GCC_WARN_UNINITIALIZED_AUTOS = YES_AGGRESSIVE;
				GCC_WARN_UNUSED_FUNCTION = YES;
				GCC_WARN_UNUSED_VARIABLE = YES;
				IPHONEOS_DEPLOYMENT_TARGET = 15.4;
				MTL_ENABLE_DEBUG_INFO = INCLUDE_SOURCE;
				MTL_FAST_MATH = YES;
				ONLY_ACTIVE_ARCH = YES;
				SDKROOT = iphoneos;
				SWIFT_ACTIVE_COMPILATION_CONDITIONS = DEBUG;
				SWIFT_OPTIMIZATION_LEVEL = "-Onone";
			};
			name = Debug;
		};
		16D101A12821E80400BDEF62 /* Release */ = {
			isa = XCBuildConfiguration;
			buildSettings = {
				ALWAYS_SEARCH_USER_PATHS = NO;
				CLANG_ANALYZER_NONNULL = YES;
				CLANG_ANALYZER_NUMBER_OBJECT_CONVERSION = YES_AGGRESSIVE;
				CLANG_CXX_LANGUAGE_STANDARD = "gnu++17";
				CLANG_ENABLE_MODULES = YES;
				CLANG_ENABLE_OBJC_ARC = YES;
				CLANG_ENABLE_OBJC_WEAK = YES;
				CLANG_WARN_BLOCK_CAPTURE_AUTORELEASING = YES;
				CLANG_WARN_BOOL_CONVERSION = YES;
				CLANG_WARN_COMMA = YES;
				CLANG_WARN_CONSTANT_CONVERSION = YES;
				CLANG_WARN_DEPRECATED_OBJC_IMPLEMENTATIONS = YES;
				CLANG_WARN_DIRECT_OBJC_ISA_USAGE = YES_ERROR;
				CLANG_WARN_DOCUMENTATION_COMMENTS = YES;
				CLANG_WARN_EMPTY_BODY = YES;
				CLANG_WARN_ENUM_CONVERSION = YES;
				CLANG_WARN_INFINITE_RECURSION = YES;
				CLANG_WARN_INT_CONVERSION = YES;
				CLANG_WARN_NON_LITERAL_NULL_CONVERSION = YES;
				CLANG_WARN_OBJC_IMPLICIT_RETAIN_SELF = YES;
				CLANG_WARN_OBJC_LITERAL_CONVERSION = YES;
				CLANG_WARN_OBJC_ROOT_CLASS = YES_ERROR;
				CLANG_WARN_QUOTED_INCLUDE_IN_FRAMEWORK_HEADER = YES;
				CLANG_WARN_RANGE_LOOP_ANALYSIS = YES;
				CLANG_WARN_STRICT_PROTOTYPES = YES;
				CLANG_WARN_SUSPICIOUS_MOVE = YES;
				CLANG_WARN_UNGUARDED_AVAILABILITY = YES_AGGRESSIVE;
				CLANG_WARN_UNREACHABLE_CODE = YES;
				CLANG_WARN__DUPLICATE_METHOD_MATCH = YES;
				COPY_PHASE_STRIP = NO;
				DEBUG_INFORMATION_FORMAT = "dwarf-with-dsym";
				ENABLE_NS_ASSERTIONS = NO;
				ENABLE_STRICT_OBJC_MSGSEND = YES;
				GCC_C_LANGUAGE_STANDARD = gnu11;
				GCC_NO_COMMON_BLOCKS = YES;
				GCC_WARN_64_TO_32_BIT_CONVERSION = YES;
				GCC_WARN_ABOUT_RETURN_TYPE = YES_ERROR;
				GCC_WARN_UNDECLARED_SELECTOR = YES;
				GCC_WARN_UNINITIALIZED_AUTOS = YES_AGGRESSIVE;
				GCC_WARN_UNUSED_FUNCTION = YES;
				GCC_WARN_UNUSED_VARIABLE = YES;
				IPHONEOS_DEPLOYMENT_TARGET = 15.4;
				MTL_ENABLE_DEBUG_INFO = NO;
				MTL_FAST_MATH = YES;
				SDKROOT = iphoneos;
				SWIFT_COMPILATION_MODE = wholemodule;
				SWIFT_OPTIMIZATION_LEVEL = "-O";
				VALIDATE_PRODUCT = YES;
			};
			name = Release;
		};
		16D101A32821E80400BDEF62 /* Debug */ = {
			isa = XCBuildConfiguration;
			buildSettings = {
				ALWAYS_EMBED_SWIFT_STANDARD_LIBRARIES = YES;
				ASSETCATALOG_COMPILER_APPICON_NAME = AppIcon;
				ASSETCATALOG_COMPILER_GLOBAL_ACCENT_COLOR_NAME = AccentColor;
				CODE_SIGN_IDENTITY = "Apple Development";
				CODE_SIGN_STYLE = Automatic;
				CURRENT_PROJECT_VERSION = 1;
				DEVELOPMENT_ASSET_PATHS = "\"Widget Demo/Preview Content\"";
				DEVELOPMENT_TEAM = "";
				ENABLE_PREVIEWS = YES;
				GENERATE_INFOPLIST_FILE = YES;
				INFOPLIST_KEY_UIApplicationSceneManifest_Generation = YES;
				INFOPLIST_KEY_UIApplicationSupportsIndirectInputEvents = YES;
				INFOPLIST_KEY_UILaunchScreen_Generation = YES;
				INFOPLIST_KEY_UISupportedInterfaceOrientations = UIInterfaceOrientationPortrait;
				INFOPLIST_KEY_UISupportedInterfaceOrientations_iPad = "UIInterfaceOrientationPortrait UIInterfaceOrientationPortraitUpsideDown UIInterfaceOrientationLandscapeLeft UIInterfaceOrientationLandscapeRight";
				INFOPLIST_KEY_UISupportedInterfaceOrientations_iPhone = "UIInterfaceOrientationPortrait UIInterfaceOrientationLandscapeLeft UIInterfaceOrientationLandscapeRight";
				LD_RUNPATH_SEARCH_PATHS = (
					"$(inherited)",
					"@executable_path/Frameworks",
				);
				MARKETING_VERSION = 1.0;
				PRODUCT_BUNDLE_IDENTIFIER = "com.jero.Widget-Demo";
				PRODUCT_NAME = "$(TARGET_NAME)";
				PROVISIONING_PROFILE_SPECIFIER = "";
				SWIFT_EMIT_LOC_STRINGS = YES;
				SWIFT_VERSION = 5.0;
				TARGETED_DEVICE_FAMILY = 1;
			};
			name = Debug;
		};
		16D101A42821E80400BDEF62 /* Release */ = {
			isa = XCBuildConfiguration;
			buildSettings = {
				ALWAYS_EMBED_SWIFT_STANDARD_LIBRARIES = YES;
				ASSETCATALOG_COMPILER_APPICON_NAME = AppIcon;
				ASSETCATALOG_COMPILER_GLOBAL_ACCENT_COLOR_NAME = AccentColor;
				CODE_SIGN_IDENTITY = "Apple Development";
				CODE_SIGN_STYLE = Automatic;
				CURRENT_PROJECT_VERSION = 1;
				DEVELOPMENT_ASSET_PATHS = "\"Widget Demo/Preview Content\"";
				DEVELOPMENT_TEAM = "";
				ENABLE_PREVIEWS = YES;
				GENERATE_INFOPLIST_FILE = YES;
				INFOPLIST_KEY_UIApplicationSceneManifest_Generation = YES;
				INFOPLIST_KEY_UIApplicationSupportsIndirectInputEvents = YES;
				INFOPLIST_KEY_UILaunchScreen_Generation = YES;
				INFOPLIST_KEY_UISupportedInterfaceOrientations = UIInterfaceOrientationPortrait;
				INFOPLIST_KEY_UISupportedInterfaceOrientations_iPad = "UIInterfaceOrientationPortrait UIInterfaceOrientationPortraitUpsideDown UIInterfaceOrientationLandscapeLeft UIInterfaceOrientationLandscapeRight";
				INFOPLIST_KEY_UISupportedInterfaceOrientations_iPhone = "UIInterfaceOrientationPortrait UIInterfaceOrientationLandscapeLeft UIInterfaceOrientationLandscapeRight";
				LD_RUNPATH_SEARCH_PATHS = (
					"$(inherited)",
					"@executable_path/Frameworks",
				);
				MARKETING_VERSION = 1.0;
				PRODUCT_BUNDLE_IDENTIFIER = "com.jero.Widget-Demo";
				PRODUCT_NAME = "$(TARGET_NAME)";
				PROVISIONING_PROFILE_SPECIFIER = "";
				SWIFT_EMIT_LOC_STRINGS = YES;
				SWIFT_VERSION = 5.0;
				TARGETED_DEVICE_FAMILY = 1;
			};
			name = Release;
		};
		16D101B92821E83700BDEF62 /* Debug */ = {
			isa = XCBuildConfiguration;
			buildSettings = {
				ASSETCATALOG_COMPILER_GLOBAL_ACCENT_COLOR_NAME = AccentColor;
				ASSETCATALOG_COMPILER_WIDGET_BACKGROUND_COLOR_NAME = WidgetBackground;
				CODE_SIGN_STYLE = Automatic;
				CURRENT_PROJECT_VERSION = 1;
				DEVELOPMENT_TEAM = "";
				GENERATE_INFOPLIST_FILE = YES;
				INFOPLIST_FILE = AeromexicoWidget/Info.plist;
				INFOPLIST_KEY_CFBundleDisplayName = AeromexicoWidget;
				INFOPLIST_KEY_NSHumanReadableCopyright = "";
				LD_RUNPATH_SEARCH_PATHS = (
					"$(inherited)",
					"@executable_path/Frameworks",
					"@executable_path/../../Frameworks",
				);
				MARKETING_VERSION = 1.0;
				PRODUCT_BUNDLE_IDENTIFIER = "com.jero.Widget-Demo.AeromexicoWidget";
				PRODUCT_NAME = "$(TARGET_NAME)";
				SKIP_INSTALL = YES;
				SWIFT_EMIT_LOC_STRINGS = YES;
				SWIFT_VERSION = 5.0;
				TARGETED_DEVICE_FAMILY = 1;
			};
			name = Debug;
		};
		16D101BA2821E83700BDEF62 /* Release */ = {
			isa = XCBuildConfiguration;
			buildSettings = {
				ASSETCATALOG_COMPILER_GLOBAL_ACCENT_COLOR_NAME = AccentColor;
				ASSETCATALOG_COMPILER_WIDGET_BACKGROUND_COLOR_NAME = WidgetBackground;
				CODE_SIGN_STYLE = Automatic;
				CURRENT_PROJECT_VERSION = 1;
				DEVELOPMENT_TEAM = "";
				GENERATE_INFOPLIST_FILE = YES;
				INFOPLIST_FILE = AeromexicoWidget/Info.plist;
				INFOPLIST_KEY_CFBundleDisplayName = AeromexicoWidget;
				INFOPLIST_KEY_NSHumanReadableCopyright = "";
				LD_RUNPATH_SEARCH_PATHS = (
					"$(inherited)",
					"@executable_path/Frameworks",
					"@executable_path/../../Frameworks",
				);
				MARKETING_VERSION = 1.0;
				PRODUCT_BUNDLE_IDENTIFIER = "com.jero.Widget-Demo.AeromexicoWidget";
				PRODUCT_NAME = "$(TARGET_NAME)";
				SKIP_INSTALL = YES;
				SWIFT_EMIT_LOC_STRINGS = YES;
				SWIFT_VERSION = 5.0;
				TARGETED_DEVICE_FAMILY = 1;
			};
			name = Release;
		};
/* End XCBuildConfiguration section */

/* Begin XCConfigurationList section */
		16D1018F2821E80200BDEF62 /* Build configuration list for PBXProject "Aeromexico Widget Demo" */ = {
			isa = XCConfigurationList;
			buildConfigurations = (
				16D101A02821E80400BDEF62 /* Debug */,
				16D101A12821E80400BDEF62 /* Release */,
			);
			defaultConfigurationIsVisible = 0;
			defaultConfigurationName = Release;
		};
		16D101A22821E80400BDEF62 /* Build configuration list for PBXNativeTarget "Aeromexico Widget Demo" */ = {
			isa = XCConfigurationList;
			buildConfigurations = (
				16D101A32821E80400BDEF62 /* Debug */,
				16D101A42821E80400BDEF62 /* Release */,
			);
			defaultConfigurationIsVisible = 0;
			defaultConfigurationName = Release;
		};
		16D101B82821E83700BDEF62 /* Build configuration list for PBXNativeTarget "AeromexicoWidgetExtension" */ = {
			isa = XCConfigurationList;
			buildConfigurations = (
				16D101B92821E83700BDEF62 /* Debug */,
				16D101BA2821E83700BDEF62 /* Release */,
			);
			defaultConfigurationIsVisible = 0;
			defaultConfigurationName = Release;
		};
/* End XCConfigurationList section */
	};
	rootObject = 16D1018C2821E80200BDEF62 /* Project object */;
}
